// !$*UTF8*$!
{
	archiveVersion = 1;
	classes = {
	};
	objectVersion = 55;
	objects = {

/* Begin PBXBuildFile section */
		FF072CF4293B6F2500FD2210 /* LocationsViewModel.swift in Sources */ = {isa = PBXBuildFile; fileRef = FF072CF3293B6F2500FD2210 /* LocationsViewModel.swift */; };
		FF3B13AA29464E2A00846CA3 /* LocationPreviewView.swift in Sources */ = {isa = PBXBuildFile; fileRef = FF3B13A929464E2A00846CA3 /* LocationPreviewView.swift */; };
		FFD2662129350F2100F01B54 /* Assets.xcassets in Resources */ = {isa = PBXBuildFile; fileRef = FFD2662029350F2100F01B54 /* Assets.xcassets */; };
		FFD266242935172500F01B54 /* Location.swift in Sources */ = {isa = PBXBuildFile; fileRef = FFD266232935172500F01B54 /* Location.swift */; };
		FFD26627293519C000F01B54 /* LocationsDataService.swift in Sources */ = {isa = PBXBuildFile; fileRef = FFD26626293519C000F01B54 /* LocationsDataService.swift */; };
		FFD2662A2936224F00F01B54 /* LocationsView.swift in Sources */ = {isa = PBXBuildFile; fileRef = FFD266292936224F00F01B54 /* LocationsView.swift */; };
		FFF15F1D2935056A00D599A2 /* SwiftUI_Map_AppApp.swift in Sources */ = {isa = PBXBuildFile; fileRef = FFF15F1C2935056A00D599A2 /* SwiftUI_Map_AppApp.swift */; };
		FFF15F1F2935056A00D599A2 /* ContentView.swift in Sources */ = {isa = PBXBuildFile; fileRef = FFF15F1E2935056A00D599A2 /* ContentView.swift */; };
		FFF15F242935056C00D599A2 /* Preview Assets.xcassets in Resources */ = {isa = PBXBuildFile; fileRef = FFF15F232935056C00D599A2 /* Preview Assets.xcassets */; };
		FFFE78B52945310B005E747F /* LocationsListView.swift in Sources */ = {isa = PBXBuildFile; fileRef = FFFE78B42945310B005E747F /* LocationsListView.swift */; };
/* End PBXBuildFile section */

/* Begin PBXFileReference section */
		FF072CF3293B6F2500FD2210 /* LocationsViewModel.swift */ = {isa = PBXFileReference; lastKnownFileType = sourcecode.swift; path = LocationsViewModel.swift; sourceTree = "<group>"; };
		FF3B13A929464E2A00846CA3 /* LocationPreviewView.swift */ = {isa = PBXFileReference; lastKnownFileType = sourcecode.swift; path = LocationPreviewView.swift; sourceTree = "<group>"; };
		FFD2662029350F2100F01B54 /* Assets.xcassets */ = {isa = PBXFileReference; lastKnownFileType = folder.assetcatalog; path = Assets.xcassets; sourceTree = "<group>"; };
		FFD266232935172500F01B54 /* Location.swift */ = {isa = PBXFileReference; lastKnownFileType = sourcecode.swift; path = Location.swift; sourceTree = "<group>"; };
		FFD26626293519C000F01B54 /* LocationsDataService.swift */ = {isa = PBXFileReference; fileEncoding = 4; lastKnownFileType = sourcecode.swift; path = LocationsDataService.swift; sourceTree = "<group>"; };
		FFD266292936224F00F01B54 /* LocationsView.swift */ = {isa = PBXFileReference; lastKnownFileType = sourcecode.swift; path = LocationsView.swift; sourceTree = "<group>"; };
		FFF15F192935056A00D599A2 /* SwiftUI-Map-App.app */ = {isa = PBXFileReference; explicitFileType = wrapper.application; includeInIndex = 0; path = "SwiftUI-Map-App.app"; sourceTree = BUILT_PRODUCTS_DIR; };
		FFF15F1C2935056A00D599A2 /* SwiftUI_Map_AppApp.swift */ = {isa = PBXFileReference; lastKnownFileType = sourcecode.swift; path = SwiftUI_Map_AppApp.swift; sourceTree = "<group>"; };
		FFF15F1E2935056A00D599A2 /* ContentView.swift */ = {isa = PBXFileReference; lastKnownFileType = sourcecode.swift; path = ContentView.swift; sourceTree = "<group>"; };
		FFF15F232935056C00D599A2 /* Preview Assets.xcassets */ = {isa = PBXFileReference; lastKnownFileType = folder.assetcatalog; path = "Preview Assets.xcassets"; sourceTree = "<group>"; };
		FFFE78B42945310B005E747F /* LocationsListView.swift */ = {isa = PBXFileReference; lastKnownFileType = sourcecode.swift; path = LocationsListView.swift; sourceTree = "<group>"; };
/* End PBXFileReference section */

/* Begin PBXFrameworksBuildPhase section */
		FFF15F162935056A00D599A2 /* Frameworks */ = {
			isa = PBXFrameworksBuildPhase;
			buildActionMask = 2147483647;
			files = (
			);
			runOnlyForDeploymentPostprocessing = 0;
		};
/* End PBXFrameworksBuildPhase section */

/* Begin PBXGroup section */
		FFD26622293516E800F01B54 /* Models */ = {
			isa = PBXGroup;
			children = (
				FFD266232935172500F01B54 /* Location.swift */,
			);
			path = Models;
			sourceTree = "<group>";
		};
		FFD26625293519B200F01B54 /* DataServices */ = {
			isa = PBXGroup;
			children = (
				FFD26626293519C000F01B54 /* LocationsDataService.swift */,
			);
			path = DataServices;
			sourceTree = "<group>";
		};
		FFD266282936223500F01B54 /* Views */ = {
			isa = PBXGroup;
			children = (
				FFD266292936224F00F01B54 /* LocationsView.swift */,
				FFFE78B42945310B005E747F /* LocationsListView.swift */,
				FF3B13A929464E2A00846CA3 /* LocationPreviewView.swift */,
			);
			path = Views;
			sourceTree = "<group>";
		};
		FFD2662B2936227900F01B54 /* ViewModels */ = {
			isa = PBXGroup;
			children = (
				FF072CF3293B6F2500FD2210 /* LocationsViewModel.swift */,
			);
			path = ViewModels;
			sourceTree = "<group>";
		};
		FFF15F102935056A00D599A2 = {
			isa = PBXGroup;
			children = (
				FFF15F1B2935056A00D599A2 /* SwiftUI-Map-App */,
				FFF15F1A2935056A00D599A2 /* Products */,
			);
			sourceTree = "<group>";
		};
		FFF15F1A2935056A00D599A2 /* Products */ = {
			isa = PBXGroup;
			children = (
				FFF15F192935056A00D599A2 /* SwiftUI-Map-App.app */,
			);
			name = Products;
			sourceTree = "<group>";
		};
		FFF15F1B2935056A00D599A2 /* SwiftUI-Map-App */ = {
			isa = PBXGroup;
			children = (
				FFF15F1C2935056A00D599A2 /* SwiftUI_Map_AppApp.swift */,
				FFF15F1E2935056A00D599A2 /* ContentView.swift */,
				FFD26625293519B200F01B54 /* DataServices */,
				FFD266282936223500F01B54 /* Views */,
				FFD2662B2936227900F01B54 /* ViewModels */,
				FFD26622293516E800F01B54 /* Models */,
				FFD2662029350F2100F01B54 /* Assets.xcassets */,
				FFF15F222935056C00D599A2 /* Preview Content */,
			);
			path = "SwiftUI-Map-App";
			sourceTree = "<group>";
		};
		FFF15F222935056C00D599A2 /* Preview Content */ = {
			isa = PBXGroup;
			children = (
				FFF15F232935056C00D599A2 /* Preview Assets.xcassets */,
			);
			path = "Preview Content";
			sourceTree = "<group>";
		};
/* End PBXGroup section */

/* Begin PBXNativeTarget section */
		FFF15F182935056A00D599A2 /* SwiftUI-Map-App */ = {
			isa = PBXNativeTarget;
			buildConfigurationList = FFF15F272935056C00D599A2 /* Build configuration list for PBXNativeTarget "SwiftUI-Map-App" */;
			buildPhases = (
				FFF15F152935056A00D599A2 /* Sources */,
				FFF15F162935056A00D599A2 /* Frameworks */,
				FFF15F172935056A00D599A2 /* Resources */,
			);
			buildRules = (
			);
			dependencies = (
			);
			name = "SwiftUI-Map-App";
			productName = "SwiftUI-Map-App";
			productReference = FFF15F192935056A00D599A2 /* SwiftUI-Map-App.app */;
			productType = "com.apple.product-type.application";
		};
/* End PBXNativeTarget section */

/* Begin PBXProject section */
		FFF15F112935056A00D599A2 /* Project object */ = {
			isa = PBXProject;
			attributes = {
				BuildIndependentTargetsInParallel = 1;
				LastSwiftUpdateCheck = 1320;
				LastUpgradeCheck = 1320;
				TargetAttributes = {
					FFF15F182935056A00D599A2 = {
						CreatedOnToolsVersion = 13.2.1;
					};
				};
			};
			buildConfigurationList = FFF15F142935056A00D599A2 /* Build configuration list for PBXProject "SwiftUI-Map-App" */;
			compatibilityVersion = "Xcode 13.0";
			developmentRegion = en;
			hasScannedForEncodings = 0;
			knownRegions = (
				en,
				Base,
			);
			mainGroup = FFF15F102935056A00D599A2;
			productRefGroup = FFF15F1A2935056A00D599A2 /* Products */;
			projectDirPath = "";
			projectRoot = "";
			targets = (
				FFF15F182935056A00D599A2 /* SwiftUI-Map-App */,
			);
		};
/* End PBXProject section */

/* Begin PBXResourcesBuildPhase section */
		FFF15F172935056A00D599A2 /* Resources */ = {
			isa = PBXResourcesBuildPhase;
			buildActionMask = 2147483647;
			files = (
				FFD2662129350F2100F01B54 /* Assets.xcassets in Resources */,
				FFF15F242935056C00D599A2 /* Preview Assets.xcassets in Resources */,
			);
			runOnlyForDeploymentPostprocessing = 0;
		};
/* End PBXResourcesBuildPhase section */

/* Begin PBXSourcesBuildPhase section */
		FFF15F152935056A00D599A2 /* Sources */ = {
			isa = PBXSourcesBuildPhase;
			buildActionMask = 2147483647;
			files = (
				FFD26627293519C000F01B54 /* LocationsDataService.swift in Sources */,
				FFFE78B52945310B005E747F /* LocationsListView.swift in Sources */,
				FF3B13AA29464E2A00846CA3 /* LocationPreviewView.swift in Sources */,
				FF072CF4293B6F2500FD2210 /* LocationsViewModel.swift in Sources */,
				FFF15F1F2935056A00D599A2 /* ContentView.swift in Sources */,
				FFD2662A2936224F00F01B54 /* LocationsView.swift in Sources */,
				FFD266242935172500F01B54 /* Location.swift in Sources */,
				FFF15F1D2935056A00D599A2 /* SwiftUI_Map_AppApp.swift in Sources */,
			);
			runOnlyForDeploymentPostprocessing = 0;
		};
/* End PBXSourcesBuildPhase section */

/* Begin XCBuildConfiguration section */
		FFF15F252935056C00D599A2 /* Debug */ = {
			isa = XCBuildConfiguration;
			buildSettings = {
				ALWAYS_SEARCH_USER_PATHS = NO;
				CLANG_ANALYZER_NONNULL = YES;
				CLANG_ANALYZER_NUMBER_OBJECT_CONVERSION = YES_AGGRESSIVE;
				CLANG_CXX_LANGUAGE_STANDARD = "gnu++17";
				CLANG_CXX_LIBRARY = "libc++";
				CLANG_ENABLE_MODULES = YES;
				CLANG_ENABLE_OBJC_ARC = YES;
				CLANG_ENABLE_OBJC_WEAK = YES;
				CLANG_WARN_BLOCK_CAPTURE_AUTORELEASING = YES;
				CLANG_WARN_BOOL_CONVERSION = YES;
				CLANG_WARN_COMMA = YES;
				CLANG_WARN_CONSTANT_CONVERSION = YES;
				CLANG_WARN_DEPRECATED_OBJC_IMPLEMENTATIONS = YES;
				CLANG_WARN_DIRECT_OBJC_ISA_USAGE = YES_ERROR;
				CLANG_WARN_DOCUMENTATION_COMMENTS = YES;
				CLANG_WARN_EMPTY_BODY = YES;
				CLANG_WARN_ENUM_CONVERSION = YES;
				CLANG_WARN_INFINITE_RECURSION = YES;
				CLANG_WARN_INT_CONVERSION = YES;
				CLANG_WARN_NON_LITERAL_NULL_CONVERSION = YES;
				CLANG_WARN_OBJC_IMPLICIT_RETAIN_SELF = YES;
				CLANG_WARN_OBJC_LITERAL_CONVERSION = YES;
				CLANG_WARN_OBJC_ROOT_CLASS = YES_ERROR;
				CLANG_WARN_QUOTED_INCLUDE_IN_FRAMEWORK_HEADER = YES;
				CLANG_WARN_RANGE_LOOP_ANALYSIS = YES;
				CLANG_WARN_STRICT_PROTOTYPES = YES;
				CLANG_WARN_SUSPICIOUS_MOVE = YES;
				CLANG_WARN_UNGUARDED_AVAILABILITY = YES_AGGRESSIVE;
				CLANG_WARN_UNREACHABLE_CODE = YES;
				CLANG_WARN__DUPLICATE_METHOD_MATCH = YES;
				COPY_PHASE_STRIP = NO;
				DEBUG_INFORMATION_FORMAT = dwarf;
				ENABLE_STRICT_OBJC_MSGSEND = YES;
				ENABLE_TESTABILITY = YES;
				GCC_C_LANGUAGE_STANDARD = gnu11;
				GCC_DYNAMIC_NO_PIC = NO;
				GCC_NO_COMMON_BLOCKS = YES;
				GCC_OPTIMIZATION_LEVEL = 0;
				GCC_PREPROCESSOR_DEFINITIONS = (
					"DEBUG=1",
					"$(inherited)",
				);
				GCC_WARN_64_TO_32_BIT_CONVERSION = YES;
				GCC_WARN_ABOUT_RETURN_TYPE = YES_ERROR;
				GCC_WARN_UNDECLARED_SELECTOR = YES;
				GCC_WARN_UNINITIALIZED_AUTOS = YES_AGGRESSIVE;
				GCC_WARN_UNUSED_FUNCTION = YES;
				GCC_WARN_UNUSED_VARIABLE = YES;
				IPHONEOS_DEPLOYMENT_TARGET = 15.2;
				MTL_ENABLE_DEBUG_INFO = INCLUDE_SOURCE;
				MTL_FAST_MATH = YES;
				ONLY_ACTIVE_ARCH = YES;
				SDKROOT = iphoneos;
				SWIFT_ACTIVE_COMPILATION_CONDITIONS = DEBUG;
				SWIFT_OPTIMIZATION_LEVEL = "-Onone";
			};
			name = Debug;
		};
		FFF15F262935056C00D599A2 /* Release */ = {
			isa = XCBuildConfiguration;
			buildSettings = {
				ALWAYS_SEARCH_USER_PATHS = NO;
				CLANG_ANALYZER_NONNULL = YES;
				CLANG_ANALYZER_NUMBER_OBJECT_CONVERSION = YES_AGGRESSIVE;
				CLANG_CXX_LANGUAGE_STANDARD = "gnu++17";
				CLANG_CXX_LIBRARY = "libc++";
				CLANG_ENABLE_MODULES = YES;
				CLANG_ENABLE_OBJC_ARC = YES;
				CLANG_ENABLE_OBJC_WEAK = YES;
				CLANG_WARN_BLOCK_CAPTURE_AUTORELEASING = YES;
				CLANG_WARN_BOOL_CONVERSION = YES;
				CLANG_WARN_COMMA = YES;
				CLANG_WARN_CONSTANT_CONVERSION = YES;
				CLANG_WARN_DEPRECATED_OBJC_IMPLEMENTATIONS = YES;
				CLANG_WARN_DIRECT_OBJC_ISA_USAGE = YES_ERROR;
				CLANG_WARN_DOCUMENTATION_COMMENTS = YES;
				CLANG_WARN_EMPTY_BODY = YES;
				CLANG_WARN_ENUM_CONVERSION = YES;
				CLANG_WARN_INFINITE_RECURSION = YES;
				CLANG_WARN_INT_CONVERSION = YES;
				CLANG_WARN_NON_LITERAL_NULL_CONVERSION = YES;
				CLANG_WARN_OBJC_IMPLICIT_RETAIN_SELF = YES;
				CLANG_WARN_OBJC_LITERAL_CONVERSION = YES;
				CLANG_WARN_OBJC_ROOT_CLASS = YES_ERROR;
				CLANG_WARN_QUOTED_INCLUDE_IN_FRAMEWORK_HEADER = YES;
				CLANG_WARN_RANGE_LOOP_ANALYSIS = YES;
				CLANG_WARN_STRICT_PROTOTYPES = YES;
				CLANG_WARN_SUSPICIOUS_MOVE = YES;
				CLANG_WARN_UNGUARDED_AVAILABILITY = YES_AGGRESSIVE;
				CLANG_WARN_UNREACHABLE_CODE = YES;
				CLANG_WARN__DUPLICATE_METHOD_MATCH = YES;
				COPY_PHASE_STRIP = NO;
				DEBUG_INFORMATION_FORMAT = "dwarf-with-dsym";
				ENABLE_NS_ASSERTIONS = NO;
				ENABLE_STRICT_OBJC_MSGSEND = YES;
				GCC_C_LANGUAGE_STANDARD = gnu11;
				GCC_NO_COMMON_BLOCKS = YES;
				GCC_WARN_64_TO_32_BIT_CONVERSION = YES;
				GCC_WARN_ABOUT_RETURN_TYPE = YES_ERROR;
				GCC_WARN_UNDECLARED_SELECTOR = YES;
				GCC_WARN_UNINITIALIZED_AUTOS = YES_AGGRESSIVE;
				GCC_WARN_UNUSED_FUNCTION = YES;
				GCC_WARN_UNUSED_VARIABLE = YES;
				IPHONEOS_DEPLOYMENT_TARGET = 15.2;
				MTL_ENABLE_DEBUG_INFO = NO;
				MTL_FAST_MATH = YES;
				SDKROOT = iphoneos;
				SWIFT_COMPILATION_MODE = wholemodule;
				SWIFT_OPTIMIZATION_LEVEL = "-O";
				VALIDATE_PRODUCT = YES;
			};
			name = Release;
		};
		FFF15F282935056C00D599A2 /* Debug */ = {
			isa = XCBuildConfiguration;
			buildSettings = {
				ASSETCATALOG_COMPILER_APPICON_NAME = AppIcon;
				ASSETCATALOG_COMPILER_GLOBAL_ACCENT_COLOR_NAME = AccentColor;
				CODE_SIGN_STYLE = Automatic;
				CURRENT_PROJECT_VERSION = 1;
				DEVELOPMENT_ASSET_PATHS = "\"SwiftUI-Map-App/Preview Content\"";
				DEVELOPMENT_TEAM = HFX859F777;
				ENABLE_PREVIEWS = YES;
				GENERATE_INFOPLIST_FILE = YES;
				INFOPLIST_KEY_UIApplicationSceneManifest_Generation = YES;
				INFOPLIST_KEY_UIApplicationSupportsIndirectInputEvents = YES;
				INFOPLIST_KEY_UILaunchScreen_Generation = YES;
				INFOPLIST_KEY_UISupportedInterfaceOrientations_iPad = "UIInterfaceOrientationPortrait UIInterfaceOrientationPortraitUpsideDown UIInterfaceOrientationLandscapeLeft UIInterfaceOrientationLandscapeRight";
				INFOPLIST_KEY_UISupportedInterfaceOrientations_iPhone = "UIInterfaceOrientationPortrait UIInterfaceOrientationLandscapeLeft UIInterfaceOrientationLandscapeRight";
				LD_RUNPATH_SEARCH_PATHS = (
					"$(inherited)",
					"@executable_path/Frameworks",
				);
				MARKETING_VERSION = 1.0;
				PRODUCT_BUNDLE_IDENTIFIER = "me.shanta.sajid.SwiftUI-Map-App";
				PRODUCT_NAME = "$(TARGET_NAME)";
				SWIFT_EMIT_LOC_STRINGS = YES;
				SWIFT_VERSION = 5.0;
				TARGETED_DEVICE_FAMILY = "1,2";
			};
			name = Debug;
		};
		FFF15F292935056C00D599A2 /* Release */ = {
			isa = XCBuildConfiguration;
			buildSettings = {
				ASSETCATALOG_COMPILER_APPICON_NAME = AppIcon;
				ASSETCATALOG_COMPILER_GLOBAL_ACCENT_COLOR_NAME = AccentColor;
				CODE_SIGN_STYLE = Automatic;
				CURRENT_PROJECT_VERSION = 1;
				DEVELOPMENT_ASSET_PATHS = "\"SwiftUI-Map-App/Preview Content\"";
				DEVELOPMENT_TEAM = HFX859F777;
				ENABLE_PREVIEWS = YES;
				GENERATE_INFOPLIST_FILE = YES;
				INFOPLIST_KEY_UIApplicationSceneManifest_Generation = YES;
				INFOPLIST_KEY_UIApplicationSupportsIndirectInputEvents = YES;
				INFOPLIST_KEY_UILaunchScreen_Generation = YES;
				INFOPLIST_KEY_UISupportedInterfaceOrientations_iPad = "UIInterfaceOrientationPortrait UIInterfaceOrientationPortraitUpsideDown UIInterfaceOrientationLandscapeLeft UIInterfaceOrientationLandscapeRight";
				INFOPLIST_KEY_UISupportedInterfaceOrientations_iPhone = "UIInterfaceOrientationPortrait UIInterfaceOrientationLandscapeLeft UIInterfaceOrientationLandscapeRight";
				LD_RUNPATH_SEARCH_PATHS = (
					"$(inherited)",
					"@executable_path/Frameworks",
				);
				MARKETING_VERSION = 1.0;
				PRODUCT_BUNDLE_IDENTIFIER = "me.shanta.sajid.SwiftUI-Map-App";
				PRODUCT_NAME = "$(TARGET_NAME)";
				SWIFT_EMIT_LOC_STRINGS = YES;
				SWIFT_VERSION = 5.0;
				TARGETED_DEVICE_FAMILY = "1,2";
			};
			name = Release;
		};
/* End XCBuildConfiguration section */

/* Begin XCConfigurationList section */
		FFF15F142935056A00D599A2 /* Build configuration list for PBXProject "SwiftUI-Map-App" */ = {
			isa = XCConfigurationList;
			buildConfigurations = (
				FFF15F252935056C00D599A2 /* Debug */,
				FFF15F262935056C00D599A2 /* Release */,
			);
			defaultConfigurationIsVisible = 0;
			defaultConfigurationName = Release;
		};
		FFF15F272935056C00D599A2 /* Build configuration list for PBXNativeTarget "SwiftUI-Map-App" */ = {
			isa = XCConfigurationList;
			buildConfigurations = (
				FFF15F282935056C00D599A2 /* Debug */,
				FFF15F292935056C00D599A2 /* Release */,
			);
			defaultConfigurationIsVisible = 0;
			defaultConfigurationName = Release;
		};
/* End XCConfigurationList section */
	};
	rootObject = FFF15F112935056A00D599A2 /* Project object */;
}
